
Microsoft Visual Studio Solution File, Format Version 12.00
# Visual Studio Version 17
VisualStudioVersion = 17.2.32616.157
MinimumVisualStudioVersion = 10.0.40219.1
Project("{2150E333-8FDC-42A3-9474-1A3956D46DE8}") = "WebPage", "WebPage", "{76C54672-441E-43BA-856F-C11598681C96}"
EndProject
Project("{9A19103F-16F7-4668-BE54-9A1E7A4F7556}") = "RestaurantWeb", "RestaurantWeb\RestaurantWeb.csproj", "{F7D2FE31-AA09-4053-AF35-E2549B406799}"
EndProject
Project("{2150E333-8FDC-42A3-9474-1A3956D46DE8}") = "Services", "Services", "{65E6BBF3-1987-4759-9C24-2CD9A6B34E5B}"
EndProject
Project("{9A19103F-16F7-4668-BE54-9A1E7A4F7556}") = "Restaurant.Sevices.ProductAPI", "Restaurant.Sevices.ProductAPI\Restaurant.Sevices.ProductAPI.csproj", "{85485FCE-C39E-4A5F-AB4A-E15CC1B03CCB}"
EndProject
Project("{9A19103F-16F7-4668-BE54-9A1E7A4F7556}") = "Restaurant.Services.AzureBlobStorageAPI", "Restaurant.AzureBlobStorage.API\Restaurant.Services.AzureBlobStorageAPI.csproj", "{9297B022-C410-4B10-985F-9A4F1E631345}"
EndProject
Project("{9A19103F-16F7-4668-BE54-9A1E7A4F7556}") = "Restaurant.Services.Identity", "Restaurant.Services.Identity\Restaurant.Services.Identity.csproj", "{868682AE-C49D-42A3-A393-C9579E68532A}"
EndProject
Project("{9A19103F-16F7-4668-BE54-9A1E7A4F7556}") = "Restaurant.Services.ShoppingCartAPI", "Restaurant.Services.ShoppingCart\Restaurant.Services.ShoppingCartAPI.csproj", "{2F0D76FE-948E-441A-967E-F593B0705CFB}"
EndProject
Project("{9A19103F-16F7-4668-BE54-9A1E7A4F7556}") = "Restaurant.Service.CouponAPI", "Restaurant.Service.CouponAPI\Restaurant.Service.CouponAPI.csproj", "{C35C075D-E347-41EA-9FF0-9A6EE29065A0}"
EndProject
Project("{2150E333-8FDC-42A3-9474-1A3956D46DE8}") = "Integration", "Integration", "{1B54998F-FC1D-4505-BBCB-7583AB75B67E}"
EndProject
Project("{9A19103F-16F7-4668-BE54-9A1E7A4F7556}") = "Restaurant.MessageBus", "Restaurant.MessageBus\Restaurant.MessageBus.csproj", "{5D2DFDCB-AC39-4A55-BD88-1DB5A1EE0ADE}"
EndProject
Project("{9A19103F-16F7-4668-BE54-9A1E7A4F7556}") = "Restaurant.Service.OrderAPI", "Restaurant.Service.OrderAPI\Restaurant.Service.OrderAPI.csproj", "{89A0DD15-0532-44D5-99F8-1209BC8732D2}"
EndProject
Project("{2150E333-8FDC-42A3-9474-1A3956D46DE8}") = "Payments", "Payments", "{D2AD1F24-7AEB-41C5-9A19-0324942DF3D7}"
EndProject
Project("{9A19103F-16F7-4668-BE54-9A1E7A4F7556}") = "PaymentProcessor", "PaymentProcessor\PaymentProcessor.csproj", "{524EB924-2FD6-4223-BAB5-A867180B32F6}"
EndProject
Project("{9A19103F-16F7-4668-BE54-9A1E7A4F7556}") = "Restaurant.Services.PaymentAPI", "Restaurant.Services.PaymentAPI\Restaurant.Services.PaymentAPI.csproj", "{CA3FD43A-BAD8-486A-9857-E8A8D093C7BB}"
EndProject
Project("{9A19103F-16F7-4668-BE54-9A1E7A4F7556}") = "Restaurant.Service.Email", "Restaurant.Service.Email\Restaurant.Service.Email.csproj", "{E2AB3E23-0B24-46C7-A1AC-8B765062161E}"
EndProject
Project("{2150E333-8FDC-42A3-9474-1A3956D46DE8}") = "Gateway", "Gateway", "{9CE781CB-C633-4439-BAAA-C2A025F4959C}"
EndProject
Project("{FAE04EC0-301F-11D3-BF4B-00C04F79EFBC}") = "Restaurant.Gateway", "Restaurant.Gateway\Restaurant.Gateway.csproj", "{B7EEB930-8B70-4D55-91B3-F536F3107AEB}"
EndProject
Global
	GlobalSection(SolutionConfigurationPlatforms) = preSolution
		Debug|Any CPU = Debug|Any CPU
		Release|Any CPU = Release|Any CPU
	EndGlobalSection
	GlobalSection(ProjectConfigurationPlatforms) = postSolution
		{F7D2FE31-AA09-4053-AF35-E2549B406799}.Debug|Any CPU.ActiveCfg = Debug|Any CPU
		{F7D2FE31-AA09-4053-AF35-E2549B406799}.Debug|Any CPU.Build.0 = Debug|Any CPU
		{F7D2FE31-AA09-4053-AF35-E2549B406799}.Release|Any CPU.ActiveCfg = Release|Any CPU
		{F7D2FE31-AA09-4053-AF35-E2549B406799}.Release|Any CPU.Build.0 = Release|Any CPU
		{85485FCE-C39E-4A5F-AB4A-E15CC1B03CCB}.Debug|Any CPU.ActiveCfg = Debug|Any CPU
		{85485FCE-C39E-4A5F-AB4A-E15CC1B03CCB}.Debug|Any CPU.Build.0 = Debug|Any CPU
		{85485FCE-C39E-4A5F-AB4A-E15CC1B03CCB}.Release|Any CPU.ActiveCfg = Release|Any CPU
		{85485FCE-C39E-4A5F-AB4A-E15CC1B03CCB}.Release|Any CPU.Build.0 = Release|Any CPU
		{9297B022-C410-4B10-985F-9A4F1E631345}.Debug|Any CPU.ActiveCfg = Debug|Any CPU
		{9297B022-C410-4B10-985F-9A4F1E631345}.Debug|Any CPU.Build.0 = Debug|Any CPU
		{9297B022-C410-4B10-985F-9A4F1E631345}.Release|Any CPU.ActiveCfg = Release|Any CPU
		{9297B022-C410-4B10-985F-9A4F1E631345}.Release|Any CPU.Build.0 = Release|Any CPU
		{868682AE-C49D-42A3-A393-C9579E68532A}.Debug|Any CPU.ActiveCfg = Debug|Any CPU
		{868682AE-C49D-42A3-A393-C9579E68532A}.Debug|Any CPU.Build.0 = Debug|Any CPU
		{868682AE-C49D-42A3-A393-C9579E68532A}.Release|Any CPU.ActiveCfg = Release|Any CPU
		{868682AE-C49D-42A3-A393-C9579E68532A}.Release|Any CPU.Build.0 = Release|Any CPU
		{2F0D76FE-948E-441A-967E-F593B0705CFB}.Debug|Any CPU.ActiveCfg = Debug|Any CPU
		{2F0D76FE-948E-441A-967E-F593B0705CFB}.Debug|Any CPU.Build.0 = Debug|Any CPU
		{2F0D76FE-948E-441A-967E-F593B0705CFB}.Release|Any CPU.ActiveCfg = Release|Any CPU
		{2F0D76FE-948E-441A-967E-F593B0705CFB}.Release|Any CPU.Build.0 = Release|Any CPU
		{C35C075D-E347-41EA-9FF0-9A6EE29065A0}.Debug|Any CPU.ActiveCfg = Debug|Any CPU
		{C35C075D-E347-41EA-9FF0-9A6EE29065A0}.Debug|Any CPU.Build.0 = Debug|Any CPU
		{C35C075D-E347-41EA-9FF0-9A6EE29065A0}.Release|Any CPU.ActiveCfg = Release|Any CPU
		{C35C075D-E347-41EA-9FF0-9A6EE29065A0}.Release|Any CPU.Build.0 = Release|Any CPU
		{5D2DFDCB-AC39-4A55-BD88-1DB5A1EE0ADE}.Debug|Any CPU.ActiveCfg = Debug|Any CPU
		{5D2DFDCB-AC39-4A55-BD88-1DB5A1EE0ADE}.Debug|Any CPU.Build.0 = Debug|Any CPU
		{5D2DFDCB-AC39-4A55-BD88-1DB5A1EE0ADE}.Release|Any CPU.ActiveCfg = Release|Any CPU
		{5D2DFDCB-AC39-4A55-BD88-1DB5A1EE0ADE}.Release|Any CPU.Build.0 = Release|Any CPU
		{89A0DD15-0532-44D5-99F8-1209BC8732D2}.Debug|Any CPU.ActiveCfg = Debug|Any CPU
		{89A0DD15-0532-44D5-99F8-1209BC8732D2}.Debug|Any CPU.Build.0 = Debug|Any CPU
		{89A0DD15-0532-44D5-99F8-1209BC8732D2}.Release|Any CPU.ActiveCfg = Release|Any CPU
		{89A0DD15-0532-44D5-99F8-1209BC8732D2}.Release|Any CPU.Build.0 = Release|Any CPU
		{524EB924-2FD6-4223-BAB5-A867180B32F6}.Debug|Any CPU.ActiveCfg = Debug|Any CPU
		{524EB924-2FD6-4223-BAB5-A867180B32F6}.Debug|Any CPU.Build.0 = Debug|Any CPU
		{524EB924-2FD6-4223-BAB5-A867180B32F6}.Release|Any CPU.ActiveCfg = Release|Any CPU
		{524EB924-2FD6-4223-BAB5-A867180B32F6}.Release|Any CPU.Build.0 = Release|Any CPU
		{CA3FD43A-BAD8-486A-9857-E8A8D093C7BB}.Debug|Any CPU.ActiveCfg = Debug|Any CPU
		{CA3FD43A-BAD8-486A-9857-E8A8D093C7BB}.Debug|Any CPU.Build.0 = Debug|Any CPU
		{CA3FD43A-BAD8-486A-9857-E8A8D093C7BB}.Release|Any CPU.ActiveCfg = Release|Any CPU
		{CA3FD43A-BAD8-486A-9857-E8A8D093C7BB}.Release|Any CPU.Build.0 = Release|Any CPU
		{E2AB3E23-0B24-46C7-A1AC-8B765062161E}.Debug|Any CPU.ActiveCfg = Debug|Any CPU
		{E2AB3E23-0B24-46C7-A1AC-8B765062161E}.Debug|Any CPU.Build.0 = Debug|Any CPU
		{E2AB3E23-0B24-46C7-A1AC-8B765062161E}.Release|Any CPU.ActiveCfg = Release|Any CPU
		{E2AB3E23-0B24-46C7-A1AC-8B765062161E}.Release|Any CPU.Build.0 = Release|Any CPU
		{B7EEB930-8B70-4D55-91B3-F536F3107AEB}.Debug|Any CPU.ActiveCfg = Debug|Any CPU
		{B7EEB930-8B70-4D55-91B3-F536F3107AEB}.Debug|Any CPU.Build.0 = Debug|Any CPU
		{B7EEB930-8B70-4D55-91B3-F536F3107AEB}.Release|Any CPU.ActiveCfg = Release|Any CPU
		{B7EEB930-8B70-4D55-91B3-F536F3107AEB}.Release|Any CPU.Build.0 = Release|Any CPU
	EndGlobalSection
	GlobalSection(SolutionProperties) = preSolution
		HideSolutionNode = FALSE
	EndGlobalSection
	GlobalSection(NestedProjects) = preSolution
		{F7D2FE31-AA09-4053-AF35-E2549B406799} = {76C54672-441E-43BA-856F-C11598681C96}
		{85485FCE-C39E-4A5F-AB4A-E15CC1B03CCB} = {65E6BBF3-1987-4759-9C24-2CD9A6B34E5B}
		{9297B022-C410-4B10-985F-9A4F1E631345} = {65E6BBF3-1987-4759-9C24-2CD9A6B34E5B}
		{868682AE-C49D-42A3-A393-C9579E68532A} = {65E6BBF3-1987-4759-9C24-2CD9A6B34E5B}
		{2F0D76FE-948E-441A-967E-F593B0705CFB} = {65E6BBF3-1987-4759-9C24-2CD9A6B34E5B}
		{C35C075D-E347-41EA-9FF0-9A6EE29065A0} = {65E6BBF3-1987-4759-9C24-2CD9A6B34E5B}
		{5D2DFDCB-AC39-4A55-BD88-1DB5A1EE0ADE} = {1B54998F-FC1D-4505-BBCB-7583AB75B67E}
		{89A0DD15-0532-44D5-99F8-1209BC8732D2} = {65E6BBF3-1987-4759-9C24-2CD9A6B34E5B}
		{524EB924-2FD6-4223-BAB5-A867180B32F6} = {D2AD1F24-7AEB-41C5-9A19-0324942DF3D7}
		{CA3FD43A-BAD8-486A-9857-E8A8D093C7BB} = {65E6BBF3-1987-4759-9C24-2CD9A6B34E5B}
		{E2AB3E23-0B24-46C7-A1AC-8B765062161E} = {65E6BBF3-1987-4759-9C24-2CD9A6B34E5B}
		{B7EEB930-8B70-4D55-91B3-F536F3107AEB} = {9CE781CB-C633-4439-BAAA-C2A025F4959C}
	EndGlobalSection
	GlobalSection(ExtensibilityGlobals) = postSolution
		SolutionGuid = {39FCA7B8-9B44-4140-BBB3-7F914554A2C5}
	EndGlobalSection
EndGlobal
